version: 7
platforms:
- name: osx-arm64
environments:
  default:
    channels:
    - url: https://conda.anaconda.org/conda-forge/
    packages:
      osx-arm64:
      - conda: https://conda.anaconda.org/conda-forge/noarch/ca-certificates-2026.5.20-hbd8a1cb_0.conda
      - conda: https://conda.anaconda.org/conda-forge/noarch/compiler-rt_osx-arm64-19.1.7-he32a8d3_1.conda
      - conda: https://conda.anaconda.org/conda-forge/noarch/libcxx-headers-19.1.7-h707e725_2.conda
      - conda: https://conda.anaconda.org/conda-forge/noarch/meson-1.11.1-pyhcf101f3_0.conda
      - conda: https://conda.anaconda.org/conda-forge/noarch/python_abi-3.14-8_cp314.conda
      - conda: https://conda.anaconda.org/conda-forge/noarch/sdkroot_env_osx-arm64-26.0-ha3f98da_7.conda
      - conda: https://conda.anaconda.org/conda-forge/noarch/tzdata-2025c-hc9c84f9_1.conda
      - conda: https://conda.anaconda.org/conda-forge/osx-arm64/bzip2-1.0.8-hd037594_9.conda
      - conda: https://conda.anaconda.org/conda-forge/osx-arm64/c-compiler-1.11.0-h61f9b84_0.conda
      - conda: https://conda.anaconda.org/conda-forge/osx-arm64/cctools-1030.6.3-llvm19_1_hd01ab73_4.conda
      - conda: https://conda.anaconda.org/conda-forge/osx-arm64/cctools_impl_osx-arm64-1030.6.3-llvm19_1_he8a363d_4.conda
      - conda: https://conda.anaconda.org/conda-forge/osx-arm64/cctools_osx-arm64-1030.6.3-llvm19_1_hd01ab73_4.conda
      - conda: https://conda.anaconda.org/conda-forge/osx-arm64/clang-19-19.1.7-default_hf3020a7_9.conda
      - conda: https://conda.anaconda.org/conda-forge/osx-arm64/clang-19.1.7-default_hf9bcbb7_9.conda
      - conda: https://conda.anaconda.org/conda-forge/osx-arm64/clang_impl_osx-arm64-19.1.7-default_hc11f16d_9.conda
      - conda: https://conda.anaconda.org/conda-forge/osx-arm64/clang_osx-arm64-19.1.7-h75f8d18_31.conda
      - conda: https://conda.anaconda.org/conda-forge/osx-arm64/clangxx-19.1.7-default_hc995acf_9.conda
      - conda: https://conda.anaconda.org/conda-forge/osx-arm64/clangxx_impl_osx-arm64-19.1.7-default_hc11f16d_9.conda
      - conda: https://conda.anaconda.org/conda-forge/osx-arm64/clangxx_osx-arm64-19.1.7-h75f8d18_31.conda
      - conda: https://conda.anaconda.org/conda-forge/osx-arm64/compiler-rt-19.1.7-h855ad52_1.conda
      - conda: https://conda.anaconda.org/conda-forge/osx-arm64/cxx-compiler-1.11.0-h88570a1_0.conda
      - conda: https://conda.anaconda.org/conda-forge/osx-arm64/ld64-956.6-llvm19_1_he86490a_4.conda
      - conda: https://conda.anaconda.org/conda-forge/osx-arm64/ld64_osx-arm64-956.6-llvm19_1_ha2625f7_4.conda
      - conda: https://conda.anaconda.org/conda-forge/osx-arm64/libclang-cpp19.1-19.1.7-default_hf3020a7_9.conda
      - conda: https://conda.anaconda.org/conda-forge/osx-arm64/libcxx-22.1.7-h55c6f16_0.conda
      - conda: https://conda.anaconda.org/conda-forge/osx-arm64/libcxx-devel-19.1.7-h6dc3340_2.conda
      - conda: https://conda.anaconda.org/conda-forge/osx-arm64/libexpat-2.8.1-hf6b4638_0.conda
      - conda: https://conda.anaconda.org/conda-forge/osx-arm64/libffi-3.5.2-hcf2aa1b_0.conda
      - conda: https://conda.anaconda.org/conda-forge/osx-arm64/libiconv-1.18-h23cfdf5_2.conda
      - conda: https://conda.anaconda.org/conda-forge/osx-arm64/libllvm19-19.1.7-h8e0c9ce_2.conda
      - conda: https://conda.anaconda.org/conda-forge/osx-arm64/liblzma-5.8.3-h8088a28_0.conda
      - conda: https://conda.anaconda.org/conda-forge/osx-arm64/libmpdec-4.0.0-h84a0fba_1.conda
      - conda: https://conda.anaconda.org/conda-forge/osx-arm64/libsigtool-0.1.3-h98dc951_0.conda
      - conda: https://conda.anaconda.org/conda-forge/osx-arm64/libsqlite-3.53.1-h1b79a29_0.conda
      - conda: https://conda.anaconda.org/conda-forge/osx-arm64/libxml2-16-2.15.3-h6967ea9_0.conda
      - conda: https://conda.anaconda.org/conda-forge/osx-arm64/libxml2-2.15.3-heed7d32_0.conda
      - conda: https://conda.anaconda.org/conda-forge/osx-arm64/libzlib-1.3.2-h8088a28_2.conda
      - conda: https://conda.anaconda.org/conda-forge/osx-arm64/llvm-openmp-22.1.7-hc7d1edf_0.conda
      - conda: https://conda.anaconda.org/conda-forge/osx-arm64/llvm-tools-19-19.1.7-h91fd4e7_2.conda
      - conda: https://conda.anaconda.org/conda-forge/osx-arm64/llvm-tools-19.1.7-h855ad52_2.conda
      - conda: https://conda.anaconda.org/conda-forge/osx-arm64/ncurses-6.6-h1d4f5a5_0.conda
      - conda: https://conda.anaconda.org/conda-forge/osx-arm64/ninja-1.13.2-h49c215f_0.conda
      - conda: https://conda.anaconda.org/conda-forge/osx-arm64/openssl-3.6.2-hd24854e_0.conda
      - conda: https://conda.anaconda.org/conda-forge/osx-arm64/python-3.14.5-h4c637c5_100_cp314.conda
      - conda: https://conda.anaconda.org/conda-forge/osx-arm64/readline-8.3-h46df422_0.conda
      - conda: https://conda.anaconda.org/conda-forge/osx-arm64/sigtool-codesign-0.1.3-h98dc951_0.conda
      - conda: https://conda.anaconda.org/conda-forge/osx-arm64/tapi-1600.0.11.8-h997e182_2.conda
      - conda: https://conda.anaconda.org/conda-forge/osx-arm64/tk-8.6.13-h010d191_3.conda
      - conda: https://conda.anaconda.org/conda-forge/osx-arm64/zstd-1.5.7-hbf9d68e_6.conda
packages:
- conda: https://conda.anaconda.org/conda-forge/noarch/ca-certificates-2026.5.20-hbd8a1cb_0.conda
  sha256: 9812a303a1395e1dafbd92e5bc8a1ff6013bcbba0a09c7f03a8d23e43560aa9b
  md5: 489b8e97e666c93f68fdb35c3c9b957f
  depends:
  - __unix
  license: ISC
  size: 129868
  timestamp: 1779289852439
- conda: https://conda.anaconda.org/conda-forge/noarch/compiler-rt_osx-arm64-19.1.7-he32a8d3_1.conda
  sha256: 8c32a3db8adf18ed58197e8895ce4f24a83ed63c817512b9a26724753b116f2a
  md5: 8d99c82e0f5fed6cc36fcf66a11e03f0
  depends:
  - clang 19.1.7.*
  constrains:
  - compiler-rt 19.1.7
  - clangxx 19.1.7
  license: Apache-2.0 WITH LLVM-exception
  license_family: APACHE
  size: 10490535
  timestamp: 1757411851093
- conda: https://conda.anaconda.org/conda-forge/noarch/libcxx-headers-19.1.7-h707e725_2.conda
  sha256: 36485e6807e03a4f15a8018ec982457a9de0a1318b4b49a44c5da75849dbe24f
  md5: de91b5ce46dc7968b6e311f9add055a2
  depends:
  - __unix
  constrains:
  - libcxx-devel 19.1.7
  license: Apache-2.0 WITH LLVM-exception
  license_family: Apache
  size: 830747
  timestamp: 1764647922410
- conda: https://conda.anaconda.org/conda-forge/noarch/meson-1.11.1-pyhcf101f3_0.conda
  sha256: 1cd625d7358edba307e8a4d10ed15ce7c59a1dc0296b678c2111b0d76c594915
  md5: ced6358cc61d7e381e68fc128f7b63db
  depends:
  - python >=3.10
  - ninja >=1.8.2
  - python
  license: Apache-2.0
  license_family: APACHE
  size: 776653
  timestamp: 1776755211908
- conda: https://conda.anaconda.org/conda-forge/noarch/python_abi-3.14-8_cp314.conda
  build_number: 8
  sha256: ad6d2e9ac39751cc0529dd1566a26751a0bf2542adb0c232533d32e176e21db5
  md5: 0539938c55b6b1a59b560e843ad864a4
  constrains:
  - python 3.14.* *_cp314
  license: BSD-3-Clause
  license_family: BSD
  size: 6989
  timestamp: 1752805904792
- conda: https://conda.anaconda.org/conda-forge/noarch/sdkroot_env_osx-arm64-26.0-ha3f98da_7.conda
  sha256: fabfe031ede99898cb2b0b805f6c0d64fcc24ecdb444de3a83002d8135bf4804
  md5: 5f0ebbfea12d8e5bddff157e271fdb2f
  license: BSD-3-Clause
  license_family: BSD
  size: 4971
  timestamp: 1771434195389
- conda: https://conda.anaconda.org/conda-forge/noarch/tzdata-2025c-hc9c84f9_1.conda
  sha256: 1d30098909076af33a35017eed6f2953af1c769e273a0626a04722ac4acaba3c
  md5: ad659d0a2b3e47e38d829aa8cad2d610
  license: LicenseRef-Public-Domain
  size: 119135
  timestamp: 1767016325805
- conda: https://conda.anaconda.org/conda-forge/osx-arm64/bzip2-1.0.8-hd037594_9.conda
  sha256: 540fe54be35fac0c17feefbdc3e29725cce05d7367ffedfaaa1bdda234b019df
  md5: 620b85a3f45526a8bc4d23fd78fc22f0
  depends:
  - __osx >=11.0
  license: bzip2-1.0.6
  license_family: BSD
  size: 124834
  timestamp: 1771350416561
- conda: https://conda.anaconda.org/conda-forge/osx-arm64/c-compiler-1.11.0-h61f9b84_0.conda
  sha256: b51bd1551cfdf41500f732b4bd1e4e70fb1e74557165804a648f32fa9c671eec
  md5: 148516e0c9edf4e9331a4d53ae806a9b
  depends:
  - cctools >=949.0.1
  - clang_osx-arm64 19.*
  - ld64 >=530
  - llvm-openmp
  license: BSD-3-Clause
  license_family: BSD
  size: 6697
  timestamp: 1753098737760
- conda: https://conda.anaconda.org/conda-forge/osx-arm64/cctools-1030.6.3-llvm19_1_hd01ab73_4.conda
  sha256: 4f408036b5175be0d2c7940250d00dae5ea7a71d194a1ffb35881fb9df6211fc
  md5: caf7c8e48827c2ad0c402716159fe0a2
  depends:
  - cctools_impl_osx-arm64 1030.6.3 llvm19_1_he8a363d_4
  - ld64 956.6 llvm19_1_he86490a_4
  - libllvm19 >=19.1.7,<19.2.0a0
  license: APSL-2.0
  license_family: Other
  size: 24313
  timestamp: 1768852906882
- conda: https://conda.anaconda.org/conda-forge/osx-arm64/cctools_impl_osx-arm64-1030.6.3-llvm19_1_he8a363d_4.conda
  sha256: c444442e0c01de92a75b58718a100f2e272649658d4f3dd915bbfc2316b25638
  md5: 76c651b923e048f3f3e0ecb22c966f70
  depends:
  - __osx >=11.0
  - ld64_osx-arm64 >=956.6,<956.7.0a0
  - libcxx
  - libllvm19 >=19.1.7,<19.2.0a0
  - libzlib >=1.3.1,<2.0a0
  - llvm-tools 19.1.*
  - sigtool-codesign
  constrains:
  - ld64 956.6.*
  - cctools 1030.6.3.*
  - clang 19.1.*
  license: APSL-2.0
  license_family: Other
  size: 749918
  timestamp: 1768852866532
- conda: https://conda.anaconda.org/conda-forge/osx-arm64/cctools_osx-arm64-1030.6.3-llvm19_1_hd01ab73_4.conda
  sha256: 684a19ab44f3d32c668cf1f509bbac20b10f7e9990c7449a2739930915cda8b4
  md5: 0d059c5db9d880ff37b2da53bf06509e
  depends:
  - cctools_impl_osx-arm64 1030.6.3 llvm19_1_he8a363d_4
  - ld64_osx-arm64 956.6 llvm19_1_ha2625f7_4
  constrains:
  - cctools 1030.6.3.*
  license: APSL-2.0
  license_family: Other
  size: 23429
  timestamp: 1772019026855
- conda: https://conda.anaconda.org/conda-forge/osx-arm64/clang-19-19.1.7-default_hf3020a7_9.conda
  sha256: a1449c64f455d43153036f54c68cb075a52c1d9f3350a91f4a8936ecf1675c6b
  md5: 5a77d772c22448f6ab340fbfff55db48
  depends:
  - __osx >=11.0
  - libclang-cpp19.1 19.1.7 default_hf3020a7_9
  - libcxx >=19.1.7
  - libllvm19 >=19.1.7,<19.2.0a0
  license: Apache-2.0 WITH LLVM-exception
  license_family: Apache
  size: 763361
  timestamp: 1776988759708
- conda: https://conda.anaconda.org/conda-forge/osx-arm64/clang-19.1.7-default_hf9bcbb7_9.conda
  sha256: 8268c23a000cfeee1b83e19c59eb018ec07583905f69bfee01beac8aedd8c4df
  md5: 20056c993a8c9df01e04a0e165579ec1
  depends:
  - cctools
  - clang-19 19.1.7.* default_*
  - clang_impl_osx-arm64 19.1.7 default_hc11f16d_9
  - ld64
  - ld64_osx-arm64 * llvm19_1_*
  license: Apache-2.0 WITH LLVM-exception
  license_family: Apache
  size: 24962
  timestamp: 1776989044302
- conda: https://conda.anaconda.org/conda-forge/osx-arm64/clang_impl_osx-arm64-19.1.7-default_hc11f16d_9.conda
  sha256: 56db3a98eda7032a0aefe38f146a4b29df9d75d08c71bf7f7d6412effe775dd1
  md5: 2aec2e39be3b4999bda2a3e5bd4cd2e6
  depends:
  - cctools_impl_osx-arm64
  - clang-19 19.1.7.* default_*
  - compiler-rt 19.1.7.*
  - compiler-rt_osx-arm64
  - ld64_osx-arm64 * llvm19_1_*
  - llvm-openmp >=19.1.7
  - llvm-tools 19.1.7.*
  license: Apache-2.0 WITH LLVM-exception
  license_family: Apache
  size: 24905
  timestamp: 1776989025990
- conda: https://conda.anaconda.org/conda-forge/osx-arm64/clang_osx-arm64-19.1.7-h75f8d18_31.conda
  sha256: c9daaa0e7785fe7c5799e3d691c6aa5ab8b4a54bbf49835037068dd78e0a7b35
  md5: 6645630920c0980a33f055a49fbdb88e
  depends:
  - cctools_osx-arm64
  - clang 19.*
  - clang_impl_osx-arm64 19.1.7.*
  - sdkroot_env_osx-arm64
  license: BSD-3-Clause
  license_family: BSD
  size: 21135
  timestamp: 1769482854554
- conda: https://conda.anaconda.org/conda-forge/osx-arm64/clangxx-19.1.7-default_hc995acf_9.conda
  sha256: 88697ecd1e5689e15c12d334bae2bb3900dffd91efd4686cd9eea9e1095ee986
  md5: 9a1ac8e5124fcc201adb20a103d51cc6
  depends:
  - clang 19.1.7 default_hf9bcbb7_9
  - clangxx_impl_osx-arm64 19.1.7.* default_*
  - libcxx-devel 19.1.*
  license: Apache-2.0 WITH LLVM-exception
  license_family: Apache
  size: 24924
  timestamp: 1776989215095
- conda: https://conda.anaconda.org/conda-forge/osx-arm64/clangxx_impl_osx-arm64-19.1.7-default_hc11f16d_9.conda
  sha256: 6b5ebc5f369ad5373091edc3d4c4d2e1f39169b7adb080395965646eb8aee7c9
  md5: 8b7425e84f940861653c919142435bde
  depends:
  - clang-19 19.1.7.* default_*
  - clang_impl_osx-arm64 19.1.7 default_hc11f16d_9
  - libcxx-devel 19.1.*
  license: Apache-2.0 WITH LLVM-exception
  license_family: Apache
  size: 24861
  timestamp: 1776989199328
- conda: https://conda.anaconda.org/conda-forge/osx-arm64/clangxx_osx-arm64-19.1.7-h75f8d18_31.conda
  sha256: f3a81f8e5451377d2b84a31f4a4e305cb92f5a4c4ba0126e7d1a3cfa4d66bf47
  md5: bd6926e81dc196064373b614af3bc9ff
  depends:
  - cctools_osx-arm64
  - clang_osx-arm64 19.1.7 h75f8d18_31
  - clangxx 19.*
  - clangxx_impl_osx-arm64 19.1.7.*
  - sdkroot_env_osx-arm64
  license: BSD-3-Clause
  license_family: BSD
  size: 19914
  timestamp: 1769482862579
- conda: https://conda.anaconda.org/conda-forge/osx-arm64/compiler-rt-19.1.7-h855ad52_1.conda
  sha256: b58a481828aee699db7f28bfcbbe72fb133277ac60831dfe70ee2465541bcb93
  md5: 39451684370ae65667fa5c11222e43f7
  depends:
  - __osx >=11.0
  - clang 19.1.7.*
  - compiler-rt_osx-arm64 19.1.7.*
  license: Apache-2.0 WITH LLVM-exception
  license_family: APACHE
  size: 97085
  timestamp: 1757411887557
- conda: https://conda.anaconda.org/conda-forge/osx-arm64/cxx-compiler-1.11.0-h88570a1_0.conda
  sha256: 99800d97a3a2ee9920dfc697b6d4c64e46dc7296c78b1b6c746ff1c24dea5e6c
  md5: 043afed05ca5a0f2c18252ae4378bdee
  depends:
  - c-compiler 1.11.0 h61f9b84_0
  - clangxx_osx-arm64 19.*
  license: BSD-3-Clause
  license_family: BSD
  size: 6715
  timestamp: 1753098739952
- conda: https://conda.anaconda.org/conda-forge/osx-arm64/ld64-956.6-llvm19_1_he86490a_4.conda
  sha256: d6197b4825ece12ab63097bd677294126439a1a6222c7098885aa23464ef280c
  md5: 22eb76f8d98f4d3b8319d40bda9174de
  depends:
  - ld64_osx-arm64 956.6 llvm19_1_ha2625f7_4
  - libllvm19 >=19.1.7,<19.2.0a0
  constrains:
  - cctools_osx-arm64 1030.6.3.*
  - cctools 1030.6.3.*
  license: APSL-2.0
  license_family: Other
  size: 21592
  timestamp: 1768852886875
- conda: https://conda.anaconda.org/conda-forge/osx-arm64/ld64_osx-arm64-956.6-llvm19_1_ha2625f7_4.conda
  sha256: 4161eec579cea07903ee2fafdde6f8f9991dabd54f3ca6609a1bf75bed3dc788
  md5: eaf3d06e3a8a10dee7565e8d76ae618d
  depends:
  - __osx >=11.0
  - libcxx
  - libllvm19 >=19.1.7,<19.2.0a0
  - sigtool-codesign
  - tapi >=1600.0.11.8,<1601.0a0
  constrains:
  - cctools_impl_osx-arm64 1030.6.3.*
  - ld64 956.6.*
  - cctools 1030.6.3.*
  - clang 19.1.*
  license: APSL-2.0
  license_family: Other
  size: 1040464
  timestamp: 1768852821767
- conda: https://conda.anaconda.org/conda-forge/osx-arm64/libclang-cpp19.1-19.1.7-default_hf3020a7_9.conda
  sha256: e05c4830a117492996bac1ad55cd7ee3e57f63b46da8a324862efbee9279ab44
  md5: ddb70ebdcbf3a44bddc2657a51faf490
  depends:
  - __osx >=11.0
  - libcxx >=19.1.7
  - libllvm19 >=19.1.7,<19.2.0a0
  license: Apache-2.0 WITH LLVM-exception
  license_family: Apache
  size: 14064699
  timestamp: 1776988581784
- conda: https://conda.anaconda.org/conda-forge/osx-arm64/libcxx-22.1.7-h55c6f16_0.conda
  sha256: cceb668dc1b71f054b1036dd83eca2e02c0c3a4b2ba3ad28c74a982d819597a3
  md5: 0325fbe13eb6dd39234eb305ac1b3cb8
  depends:
  - __osx >=11.0
  license: Apache-2.0 WITH LLVM-exception
  license_family: Apache
  size: 568252
  timestamp: 1780441702930
- conda: https://conda.anaconda.org/conda-forge/osx-arm64/libcxx-devel-19.1.7-h6dc3340_2.conda
  sha256: ec07ebaa226792f4e2bf0f5dba50325632a7474d5f04b951d8291be70af215da
  md5: 9f7810b7c0a731dbc84d46d6005890ef
  depends:
  - libcxx >=19.1.7
  - libcxx-headers >=19.1.7,<19.1.8.0a0
  license: Apache-2.0 WITH LLVM-exception
  license_family: Apache
  size: 23000
  timestamp: 1764648270121
- conda: https://conda.anaconda.org/conda-forge/osx-arm64/libexpat-2.8.1-hf6b4638_0.conda
  sha256: 3133fb6bfa871288b92c8b8752696686a841bf4ffe035aa3038033c9e15b738e
  md5: ef22e9ab1dc7c2f334252f565f90b3b8
  depends:
  - __osx >=11.0
  constrains:
  - expat 2.8.1.*
  license: MIT
  license_family: MIT
  size: 69110
  timestamp: 1779278728511
- conda: https://conda.anaconda.org/conda-forge/osx-arm64/libffi-3.5.2-hcf2aa1b_0.conda
  sha256: 6686a26466a527585e6a75cc2a242bf4a3d97d6d6c86424a441677917f28bec7
  md5: 43c04d9cb46ef176bb2a4c77e324d599
  depends:
  - __osx >=11.0
  license: MIT
  license_family: MIT
  size: 40979
  timestamp: 1769456747661
- conda: https://conda.anaconda.org/conda-forge/osx-arm64/libiconv-1.18-h23cfdf5_2.conda
  sha256: de0336e800b2af9a40bdd694b03870ac4a848161b35c8a2325704f123f185f03
  md5: 4d5a7445f0b25b6a3ddbb56e790f5251
  depends:
  - __osx >=11.0
  license: LGPL-2.1-only
  size: 750379
  timestamp: 1754909073836
- conda: https://conda.anaconda.org/conda-forge/osx-arm64/libllvm19-19.1.7-h8e0c9ce_2.conda
  sha256: 46f8ff3d86438c0af1bebe0c18261ce5de9878d58b4fe399a3a125670e4f0af5
  md5: d1d9b233830f6631800acc1e081a9444
  depends:
  - __osx >=11.0
  - libcxx >=19
  - libxml2
  - libxml2-16 >=2.14.5
  - libzlib >=1.3.1,<2.0a0
  - zstd >=1.5.7,<1.6.0a0
  license: Apache-2.0 WITH LLVM-exception
  license_family: Apache
  size: 26914852
  timestamp: 1757353228286
- conda: https://conda.anaconda.org/conda-forge/osx-arm64/liblzma-5.8.3-h8088a28_0.conda
  sha256: 34878d87275c298f1a732c6806349125cebbf340d24c6c23727268184bba051e
  md5: b1fd823b5ae54fbec272cea0811bd8a9
  depends:
  - __osx >=11.0
  constrains:
  - xz 5.8.3.*
  license: 0BSD
  size: 92472
  timestamp: 1775825802659
- conda: https://conda.anaconda.org/conda-forge/osx-arm64/libmpdec-4.0.0-h84a0fba_1.conda
  sha256: 1089c7f15d5b62c622625ec6700732ece83be8b705da8c6607f4dabb0c4bd6d2
  md5: 57c4be259f5e0b99a5983799a228ae55
  depends:
  - __osx >=11.0
  license: BSD-2-Clause
  license_family: BSD
  size: 73690
  timestamp: 1769482560514
- conda: https://conda.anaconda.org/conda-forge/osx-arm64/libsigtool-0.1.3-h98dc951_0.conda
  sha256: 421f7bd7caaa945d9cd5d374cc3f01e75637ca7372a32d5e7695c825a48a30d1
  md5: c08557d00807785decafb932b5be7ef5
  depends:
  - __osx >=11.0
  - openssl >=3.5.4,<4.0a0
  license: MIT
  license_family: MIT
  size: 36416
  timestamp: 1767045062496
- conda: https://conda.anaconda.org/conda-forge/osx-arm64/libsqlite-3.53.1-h1b79a29_0.conda
  sha256: 49daec7c83e70d4efc17b813547824bc2bcf2f7256d84061d24fbfe537da9f74
  md5: 6681822ea9d362953206352371b6a904
  depends:
  - __osx >=11.0
  - libzlib >=1.3.2,<2.0a0
  license: blessing
  size: 920047
  timestamp: 1777987051643
- conda: https://conda.anaconda.org/conda-forge/osx-arm64/libxml2-16-2.15.3-h6967ea9_0.conda
  sha256: 43895a7517c055b8893531290f9dc48bd751eb04be04f14bbce3b6c71b052be6
  md5: 6c8292c2ee808aeef2406083beaa6da7
  depends:
  - __osx >=11.0
  - libiconv >=1.18,<2.0a0
  - liblzma >=5.8.3,<6.0a0
  - libzlib >=1.3.2,<2.0a0
  constrains:
  - libxml2 2.15.3
  - icu <0.0a0
  license: MIT
  license_family: MIT
  size: 465820
  timestamp: 1776377317454
- conda: https://conda.anaconda.org/conda-forge/osx-arm64/libxml2-2.15.3-heed7d32_0.conda
  sha256: 4d9c117b2dd222cf891710d5f6a570ebb275479979843a1477ac54ed50907b40
  md5: 0c1fdc80534d8f25fd74722aba81f044
  depends:
  - __osx >=11.0
  - libiconv >=1.18,<2.0a0
  - liblzma >=5.8.3,<6.0a0
  - libxml2-16 2.15.3 h6967ea9_0
  - libzlib >=1.3.2,<2.0a0
  constrains:
  - icu <0.0a0
  license: MIT
  license_family: MIT
  size: 41663
  timestamp: 1776377341241
- conda: https://conda.anaconda.org/conda-forge/osx-arm64/libzlib-1.3.2-h8088a28_2.conda
  sha256: 361415a698514b19a852f5d1123c5da746d4642139904156ddfca7c922d23a05
  md5: bc5a5721b6439f2f62a84f2548136082
  depends:
  - __osx >=11.0
  constrains:
  - zlib 1.3.2 *_2
  license: Zlib
  license_family: Other
  size: 47759
  timestamp: 1774072956767
- conda: https://conda.anaconda.org/conda-forge/osx-arm64/llvm-openmp-22.1.7-hc7d1edf_0.conda
  sha256: 6bf27376f11198c01a88a1c8234470f45bce0aa7502b7e7988ef03ef5db3a890
  md5: 7c6a5897a8bc5b6d509a4ee9dec7fcc8
  depends:
  - __osx >=11.0
  constrains:
  - openmp 22.1.7|22.1.7.*
  - intel-openmp <0.0a0
  license: Apache-2.0 WITH LLVM-exception
  size: 285162
  timestamp: 1780455637760
- conda: https://conda.anaconda.org/conda-forge/osx-arm64/llvm-tools-19-19.1.7-h91fd4e7_2.conda
  sha256: 73f9506f7c32a448071340e73a0e8461e349082d63ecc4849e3eb2d1efc357dd
  md5: 8237b150fcd7baf65258eef9a0fc76ef
  depends:
  - __osx >=11.0
  - libcxx >=19
  - libllvm19 19.1.7 h8e0c9ce_2
  - libzlib >=1.3.1,<2.0a0
  - zstd >=1.5.7,<1.6.0a0
  license: Apache-2.0 WITH LLVM-exception
  license_family: Apache
  size: 16376095
  timestamp: 1757353442671
- conda: https://conda.anaconda.org/conda-forge/osx-arm64/llvm-tools-19.1.7-h855ad52_2.conda
  sha256: 09750c33b5d694c494cad9eafda56c61a62622264173d760341b49fb001afe82
  md5: 3e3ac06efc5fdc1aa675ca30bf7d53df
  depends:
  - __osx >=11.0
  - libllvm19 19.1.7 h8e0c9ce_2
  - llvm-tools-19 19.1.7 h91fd4e7_2
  constrains:
  - llvm        19.1.7
  - llvmdev     19.1.7
  - clang-tools 19.1.7
  - clang       19.1.7
  license: Apache-2.0 WITH LLVM-exception
  license_family: Apache
  size: 88390
  timestamp: 1757353535760
- conda: https://conda.anaconda.org/conda-forge/osx-arm64/ncurses-6.6-h1d4f5a5_0.conda
  sha256: 4ea6c620b87bd1d42bb2ccc2c87cd2483fa2d7f9e905b14c223f11ff3f4c455d
  md5: 343d10ed5b44030a2f67193905aea159
  depends:
  - __osx >=11.0
  license: X11 AND BSD-3-Clause
  size: 805509
  timestamp: 1777423252320
- conda: https://conda.anaconda.org/conda-forge/osx-arm64/ninja-1.13.2-h49c215f_0.conda
  sha256: 18d33c17b28d4771fc0b91b7b963c9ce31aca0a9af7dc8e9ee7c974bb207192c
  md5: 175809cc57b2c67f27a0f238bd7f069d
  depends:
  - __osx >=11.0
  - libcxx >=19
  license: Apache-2.0
  license_family: APACHE
  size: 164450
  timestamp: 1763688228613
- conda: https://conda.anaconda.org/conda-forge/osx-arm64/openssl-3.6.2-hd24854e_0.conda
  sha256: c91bf510c130a1ea1b6ff023e28bac0ccaef869446acd805e2016f69ebdc49ea
  md5: 25dcccd4f80f1638428613e0d7c9b4e1
  depends:
  - __osx >=11.0
  - ca-certificates
  license: Apache-2.0
  license_family: Apache
  size: 3106008
  timestamp: 1775587972483
- conda: https://conda.anaconda.org/conda-forge/osx-arm64/python-3.14.5-h4c637c5_100_cp314.conda
  build_number: 100
  sha256: 06dec0e2f50e2f7e6a8808fcb4aff23729a3f23bcb1fca4fcbc3a341d9e38a83
  md5: f7331c9deaf21c79e5675e72b21d570b
  depends:
  - __osx >=11.0
  - bzip2 >=1.0.8,<2.0a0
  - libexpat >=2.8.0,<3.0a0
  - libffi >=3.5.2,<3.6.0a0
  - liblzma >=5.8.3,<6.0a0
  - libmpdec >=4.0.0,<5.0a0
  - libsqlite >=3.53.1,<4.0a0
  - libzlib >=1.3.2,<2.0a0
  - ncurses >=6.6,<7.0a0
  - openssl >=3.5.6,<4.0a0
  - python_abi 3.14.* *_cp314
  - readline >=8.3,<9.0a0
  - tk >=8.6.13,<8.7.0a0
  - tzdata
  - zstd >=1.5.7,<1.6.0a0
  license: Python-2.0
  size: 13560854
  timestamp: 1779238292621
  python_site_packages_path: lib/python3.14/site-packages
- conda: https://conda.anaconda.org/conda-forge/osx-arm64/readline-8.3-h46df422_0.conda
  sha256: a77010528efb4b548ac2a4484eaf7e1c3907f2aec86123ed9c5212ae44502477
  md5: f8381319127120ce51e081dce4865cf4
  depends:
  - __osx >=11.0
  - ncurses >=6.5,<7.0a0
  license: GPL-3.0-only
  license_family: GPL
  size: 313930
  timestamp: 1765813902568
- conda: https://conda.anaconda.org/conda-forge/osx-arm64/sigtool-codesign-0.1.3-h98dc951_0.conda
  sha256: f3d006e2441f110160a684744d90921bbedbffa247d7599d7e76b5cd048116dc
  md5: ade77ad7513177297b1d75e351e136ce
  depends:
  - __osx >=11.0
  - libsigtool 0.1.3 h98dc951_0
  - openssl >=3.5.4,<4.0a0
  license: MIT
  license_family: MIT
  size: 114331
  timestamp: 1767045086274
- conda: https://conda.anaconda.org/conda-forge/osx-arm64/tapi-1600.0.11.8-h997e182_2.conda
  sha256: de6893e53664e769c1b1c4103a666d436e3d307c0eb6a09a164e749d116e80f7
  md5: 555070ad1e18b72de36e9ee7ed3236b3
  depends:
  - libcxx >=19.0.0.a0
  - __osx >=11.0
  - ncurses >=6.5,<7.0a0
  license: NCSA
  size: 200192
  timestamp: 1775657222120
- conda: https://conda.anaconda.org/conda-forge/osx-arm64/tk-8.6.13-h010d191_3.conda
  sha256: 799cab4b6cde62f91f750149995d149bc9db525ec12595e8a1d91b9317f038b3
  md5: a9d86bc62f39b94c4661716624eb21b0
  depends:
  - __osx >=11.0
  - libzlib >=1.3.1,<2.0a0
  license: TCL
  license_family: BSD
  size: 3127137
  timestamp: 1769460817696
- conda: https://conda.anaconda.org/conda-forge/osx-arm64/zstd-1.5.7-hbf9d68e_6.conda
  sha256: 9485ba49e8f47d2b597dd399e88f4802e100851b27c21d7525625b0b4025a5d9
  md5: ab136e4c34e97f34fb621d2592a393d8
  depends:
  - __osx >=11.0
  - libzlib >=1.3.1,<2.0a0
  license: BSD-3-Clause
  license_family: BSD
  size: 433413
  timestamp: 1764777166076
